
Microsoft Visual Studio Solution File, Format Version 12.00
# Visual Studio Version 17
VisualStudioVersion = 17.11.35327.3
MinimumVisualStudioVersion = 10.0.40219.1
Project("{9A19103F-16F7-4668-BE54-9A1E7A4F7556}") = "CSVUpload.Website", "CSVUpload.Website\CSVUpload.Website.csproj", "{3F5849C4-AB19-4666-972D-3AE7E1975F16}"
EndProject
Project("{9A19103F-16F7-4668-BE54-9A1E7A4F7556}") = "CSVUpload.Tests", "CSVUpload.Tests\CSVUpload.Tests.csproj", "{A388519A-7666-4D5A-85EF-19BD99D607B1}"
EndProject
Project("{2150E333-8FDC-42A3-9474-1A3956D46DE8}") = "Solution Items", "Solution Items", "{0B7842CF-C8F9-49F6-AFBE-472574D37472}"
	ProjectSection(SolutionItems) = preProject
		build.ps1 = build.ps1
		docker-compose.yml = docker-compose.yml
		schema.sql = schema.sql
	EndProjectSection
EndProject
Global
	GlobalSection(SolutionConfigurationPlatforms) = preSolution
		Debug|Any CPU = Debug|Any CPU
		Release|Any CPU = Release|Any CPU
	EndGlobalSection
	GlobalSection(ProjectConfigurationPlatforms) = postSolution
		{3F5849C4-AB19-4666-972D-3AE7E1975F16}.Debug|Any CPU.ActiveCfg = Debug|Any CPU
		{3F5849C4-AB19-4666-972D-3AE7E1975F16}.Debug|Any CPU.Build.0 = Debug|Any CPU
		{3F5849C4-AB19-4666-972D-3AE7E1975F16}.Release|Any CPU.ActiveCfg = Release|Any CPU
		{3F5849C4-AB19-4666-972D-3AE7E1975F16}.Release|Any CPU.Build.0 = Release|Any CPU
		{A388519A-7666-4D5A-85EF-19BD99D607B1}.Debug|Any CPU.ActiveCfg = Debug|Any CPU
		{A388519A-7666-4D5A-85EF-19BD99D607B1}.Debug|Any CPU.Build.0 = Debug|Any CPU
		{A388519A-7666-4D5A-85EF-19BD99D607B1}.Release|Any CPU.ActiveCfg = Release|Any CPU
		{A388519A-7666-4D5A-85EF-19BD99D607B1}.Release|Any CPU.Build.0 = Release|Any CPU
	EndGlobalSection
	GlobalSection(SolutionProperties) = preSolution
		HideSolutionNode = FALSE
	EndGlobalSection
	GlobalSection(ExtensibilityGlobals) = postSolution
		SolutionGuid = {4870EBEC-19BF-4778-A468-AEA880E07F62}
	EndGlobalSection
EndGlobal
